github.com/moby/buildkit v0.0.0-20180803201552-7e98ece83d11 h1:ED2TwOEJqpybgAupCtm8aYOUhMjNi5jGaiQN7PIPjjg=
github.com/moby/buildkit v0.0.0-20180803201552-7e98ece83d11/go.mod h1:nnELdKPRkUAQR6pAB3mRU3+IlbqL3SSaAWqQL8k/K+4=
github.com/pkg/errors v0.8.1 h1:iURUrRGxPUNPdy5/HRSm+Yj6okJ6UtLINN0Q9M4+h3I=
github.com/pkg/errors v0.8.1/go.mod h1:bwawxfHBFNV+L2hUp1rHADufV3IMtnDRdf1r5NINEl0=
golang.org/x/xerrors v0.0.0-20191204190536-9bdfabe68543 h1:E7g+9GITq07hpfrRu66IVDexMakfv52eLZ2CXBWiKr4=
golang.org/x/xerrors v0.0.0-20191204190536-9bdfabe68543/go.mod h1:I/5z698sn9Ka8TeJc9MKroUUfqBBauWjQqLJ2OPfmY0=
