# This file is autogenerated, do not edit; changes may be undone by the next 'dep ensure'.


[[projects]]
  branch = "master"
  name = "github.com/moby/buildkit"
  packages = [
    "frontend/dockerfile/command",
    "frontend/dockerfile/parser"
  ]
  revision = "3ad5510cd2645b0245bc57537f9323cb24e77b63"

[[projects]]
  name = "github.com/pkg/errors"
  packages = ["."]
  revision = "645ef00459ed84a119197bfb8d8205042c6df63d"
  version = "v0.8.0"

[solve-meta]
  analyzer-name = "dep"
  analyzer-version = 1
  inputs-digest = "165e1f33d1cc29471be6f00263fef5a8ea10b0b2587fd79b00b38befd5245a9c"
  solver-name = "gps-cdcl"
  solver-version = 1
